{
  "nodes": {
    "nixpkgs": {
      "locked": {
        "lastModified": 1727524699,
        "narHash": "sha256-k6YxGj08voz9NvuKExojiGXAVd69M8COtqWSKr6sQS4=",
        "owner": "NixOS",
        "repo": "nixpkgs",
        "rev": "b5b2fecd0cadd82ef107c9583018f381ae70f222",
        "type": "github"
      },
      "original": {
        "id": "nixpkgs",
        "type": "indirect"
      }
    },
    "nixpkgs_2": {
      "locked": {
        "lastModified": 1718428119,
        "narHash": "sha256-WdWDpNaq6u1IPtxtYHHWpl5BmabtpmLnMAx0RdJ/vo8=",
        "owner": "NixOS",
        "repo": "nixpkgs",
        "rev": "e6cea36f83499eb4e9cd184c8a8e823296b50ad5",
        "type": "github"
      },
      "original": {
        "owner": "NixOS",
        "ref": "nixpkgs-unstable",
        "repo": "nixpkgs",
        "type": "github"
      }
    },
    "root": {
      "inputs": {
        "nixpkgs": "nixpkgs",
        "rust-overlay": "rust-overlay"
      }
    },
    "rust-overlay": {
      "inputs": {
        "nixpkgs": "nixpkgs_2"
      },
      "locked": {
        "lastModified": 1727749966,
        "narHash": "sha256-DUS8ehzqB1DQzfZ4bRXVSollJhu+y7cvh1DJ9mbWebE=",
        "owner": "oxalica",
        "repo": "rust-overlay",
        "rev": "00decf1b4f9886d25030b9ee4aed7bfddccb5f66",
        "type": "github"
      },
      "original": {
        "owner": "oxalica",
        "repo": "rust-overlay",
        "type": "github"
      }
    }
  },
  "root": "root",
  "version": 7
}
